
Microsoft Visual Studio Solution File, Format Version 12.00
# Visual Studio 2013
VisualStudioVersion = 12.0.30723.0
MinimumVisualStudioVersion = 10.0.40219.1
Project("{FAE04EC0-301F-11D3-BF4B-00C04F79EFBC}") = "WpfLauncher", "WpfLauncher\WpfLauncher.csproj", "{4580804A-E452-474A-9939-37D0EA881008}"
EndProject
Project("{2150E333-8FDC-42A3-9474-1A3956D46DE8}") = "Solution Items", "Solution Items", "{5653780A-34A3-4592-BBC8-10F4BD3408C0}"
EndProject
Global
	GlobalSection(SolutionConfigurationPlatforms) = preSolution
		Debug|Any CPU = Debug|Any CPU
		Release|Any CPU = Release|Any CPU
	EndGlobalSection
	GlobalSection(ProjectConfigurationPlatforms) = postSolution
		{4580804A-E452-474A-9939-37D0EA881008}.Debug|Any CPU.ActiveCfg = Debug|Any CPU
		{4580804A-E452-474A-9939-37D0EA881008}.Debug|Any CPU.Build.0 = Debug|Any CPU
		{4580804A-E452-474A-9939-37D0EA881008}.Release|Any CPU.ActiveCfg = Release|Any CPU
		{4580804A-E452-474A-9939-37D0EA881008}.Release|Any CPU.Build.0 = Release|Any CPU
	EndGlobalSection
	GlobalSection(SolutionProperties) = preSolution
		HideSolutionNode = FALSE
	EndGlobalSection
EndGlobal
